
Microsoft Visual Studio Solution File, Format Version 12.00
# Visual Studio Version 16
VisualStudioVersion = 16.0.30907.101
MinimumVisualStudioVersion = 10.0.40219.1
Project("{FAE04EC0-301F-11D3-BF4B-00C04F79EFBC}") = "WebAPI_BNB", "WebAPI_BNB\WebAPI_BNB.csproj", "{90DAC862-1FA4-42FD-8F12-CBCAC367C38C}"
EndProject
Project("{FAE04EC0-301F-11D3-BF4B-00C04F79EFBC}") = "WebPage", "WebPage\WebPage.csproj", "{09F4C2E6-3F1C-4DA7-A29A-DC2635347C6B}"
EndProject
Global
	GlobalSection(SolutionConfigurationPlatforms) = preSolution
		Debug|Any CPU = Debug|Any CPU
		Release|Any CPU = Release|Any CPU
	EndGlobalSection
	GlobalSection(ProjectConfigurationPlatforms) = postSolution
		{90DAC862-1FA4-42FD-8F12-CBCAC367C38C}.Debug|Any CPU.ActiveCfg = Debug|Any CPU
		{90DAC862-1FA4-42FD-8F12-CBCAC367C38C}.Debug|Any CPU.Build.0 = Debug|Any CPU
		{90DAC862-1FA4-42FD-8F12-CBCAC367C38C}.Release|Any CPU.ActiveCfg = Release|Any CPU
		{90DAC862-1FA4-42FD-8F12-CBCAC367C38C}.Release|Any CPU.Build.0 = Release|Any CPU
		{09F4C2E6-3F1C-4DA7-A29A-DC2635347C6B}.Debug|Any CPU.ActiveCfg = Debug|Any CPU
		{09F4C2E6-3F1C-4DA7-A29A-DC2635347C6B}.Debug|Any CPU.Build.0 = Debug|Any CPU
		{09F4C2E6-3F1C-4DA7-A29A-DC2635347C6B}.Release|Any CPU.ActiveCfg = Release|Any CPU
		{09F4C2E6-3F1C-4DA7-A29A-DC2635347C6B}.Release|Any CPU.Build.0 = Release|Any CPU
	EndGlobalSection
	GlobalSection(SolutionProperties) = preSolution
		HideSolutionNode = FALSE
	EndGlobalSection
	GlobalSection(ExtensibilityGlobals) = postSolution
		SolutionGuid = {CB69E32B-EFA0-4AC5-8A84-EC22CF705F31}
	EndGlobalSection
EndGlobal
